Microsoft Visual Studio Solution File, Format Version 12.00
# Visual Studio Version 17
VisualStudioVersion = 17.5.2.0
MinimumVisualStudioVersion = 10.0.40219.1
Project("{FAE04EC0-301F-11D3-BF4B-00C04F79EFBC}") = "ExercicioAPI_Maquina", "ExercicioAPI_Maquina.csproj", "{39C64368-CC8A-A7D0-09F8-757C7494DCA0}"
EndProject
Global
	GlobalSection(SolutionConfigurationPlatforms) = preSolution
		Debug|Any CPU = Debug|Any CPU
		Release|Any CPU = Release|Any CPU
	EndGlobalSection
	GlobalSection(ProjectConfigurationPlatforms) = postSolution
		{39C64368-CC8A-A7D0-09F8-757C7494DCA0}.Debug|Any CPU.ActiveCfg = Debug|Any CPU
		{39C64368-CC8A-A7D0-09F8-757C7494DCA0}.Debug|Any CPU.Build.0 = Debug|Any CPU
		{39C64368-CC8A-A7D0-09F8-757C7494DCA0}.Release|Any CPU.ActiveCfg = Release|Any CPU
		{39C64368-CC8A-A7D0-09F8-757C7494DCA0}.Release|Any CPU.Build.0 = Release|Any CPU
	EndGlobalSection
	GlobalSection(SolutionProperties) = preSolution
		HideSolutionNode = FALSE
	EndGlobalSection
	GlobalSection(ExtensibilityGlobals) = postSolution
		SolutionGuid = {339291A2-688D-4CF8-8269-76FE67BB67FA}
	EndGlobalSection
EndGlobal
