Microsoft Visual Studio Solution File, Format Version 12.00
# Visual Studio Version 17
VisualStudioVersion = 17.5.2.0
MinimumVisualStudioVersion = 10.0.40219.1
Project("{FAE04EC0-301F-11D3-BF4B-00C04F79EFBC}") = "Exemplo_AspNet_Core", "Exemplo_AspNet_Core.csproj", "{5B6A5133-F1B0-6EA0-5CFA-152E45BCC91F}"
EndProject
Global
	GlobalSection(SolutionConfigurationPlatforms) = preSolution
		Debug|Any CPU = Debug|Any CPU
		Release|Any CPU = Release|Any CPU
	EndGlobalSection
	GlobalSection(ProjectConfigurationPlatforms) = postSolution
		{5B6A5133-F1B0-6EA0-5CFA-152E45BCC91F}.Debug|Any CPU.ActiveCfg = Debug|Any CPU
		{5B6A5133-F1B0-6EA0-5CFA-152E45BCC91F}.Debug|Any CPU.Build.0 = Debug|Any CPU
		{5B6A5133-F1B0-6EA0-5CFA-152E45BCC91F}.Release|Any CPU.ActiveCfg = Release|Any CPU
		{5B6A5133-F1B0-6EA0-5CFA-152E45BCC91F}.Release|Any CPU.Build.0 = Release|Any CPU
	EndGlobalSection
	GlobalSection(SolutionProperties) = preSolution
		HideSolutionNode = FALSE
	EndGlobalSection
	GlobalSection(ExtensibilityGlobals) = postSolution
		SolutionGuid = {043AD35F-F7C8-414A-B3AB-77362A7F0887}
	EndGlobalSection
EndGlobal
