Microsoft Visual Studio Solution File, Format Version 12.00
# Visual Studio Version 17
VisualStudioVersion = 17.5.2.0
MinimumVisualStudioVersion = 10.0.40219.1
Project("{FAE04EC0-301F-11D3-BF4B-00C04F79EFBC}") = "Aula_3", "Aula_3.csproj", "{FD79EDDD-A8EF-119E-2A2D-DF0C2FC79056}"
EndProject
Global
	GlobalSection(SolutionConfigurationPlatforms) = preSolution
		Debug|Any CPU = Debug|Any CPU
		Release|Any CPU = Release|Any CPU
	EndGlobalSection
	GlobalSection(ProjectConfigurationPlatforms) = postSolution
		{FD79EDDD-A8EF-119E-2A2D-DF0C2FC79056}.Debug|Any CPU.ActiveCfg = Debug|Any CPU
		{FD79EDDD-A8EF-119E-2A2D-DF0C2FC79056}.Debug|Any CPU.Build.0 = Debug|Any CPU
		{FD79EDDD-A8EF-119E-2A2D-DF0C2FC79056}.Release|Any CPU.ActiveCfg = Release|Any CPU
		{FD79EDDD-A8EF-119E-2A2D-DF0C2FC79056}.Release|Any CPU.Build.0 = Release|Any CPU
	EndGlobalSection
	GlobalSection(SolutionProperties) = preSolution
		HideSolutionNode = FALSE
	EndGlobalSection
	GlobalSection(ExtensibilityGlobals) = postSolution
		SolutionGuid = {45032315-01B9-464B-872B-F251B566FD1D}
	EndGlobalSection
EndGlobal
